// !$*UTF8*$!
{
	archiveVersion = 1;
	classes = {
	};
	objectVersion = 50;
	objects = {

/* Begin PBXBuildFile section */
		0D2BF078233169860026B7AE /* AppDelegate.swift in Sources */ = {isa = PBXBuildFile; fileRef = 0D2BF077233169860026B7AE /* AppDelegate.swift */; };
		0D2BF07A233169860026B7AE /* ViewController.swift in Sources */ = {isa = PBXBuildFile; fileRef = 0D2BF079233169860026B7AE /* ViewController.swift */; };
		0D2BF07D233169860026B7AE /* Main.storyboard in Resources */ = {isa = PBXBuildFile; fileRef = 0D2BF07B233169860026B7AE /* Main.storyboard */; };
		0D2BF07F233169870026B7AE /* Assets.xcassets in Resources */ = {isa = PBXBuildFile; fileRef = 0D2BF07E233169870026B7AE /* Assets.xcassets */; };
		0D2BF082233169870026B7AE /* LaunchScreen.storyboard in Resources */ = {isa = PBXBuildFile; fileRef = 0D2BF080233169870026B7AE /* LaunchScreen.storyboard */; };
		0D2BF08D233169880026B7AE /* events_swiftTests.swift in Sources */ = {isa = PBXBuildFile; fileRef = 0D2BF08C233169880026B7AE /* events_swiftTests.swift */; };
/* End PBXBuildFile section */

/* Begin PBXContainerItemProxy section */
		0D2BF089233169880026B7AE /* PBXContainerItemProxy */ = {
			isa = PBXContainerItemProxy;
			containerPortal = 0D2BF06C233169860026B7AE /* Project object */;
			proxyType = 1;
			remoteGlobalIDString = 0D2BF073233169860026B7AE;
			remoteInfo = "events-swift";
		};
/* End PBXContainerItemProxy section */

/* Begin PBXFileReference section */
		0D2BF074233169860026B7AE /* events-swift.app */ = {isa = PBXFileReference; explicitFileType = wrapper.application; includeInIndex = 0; path = "events-swift.app"; sourceTree = BUILT_PRODUCTS_DIR; };
		0D2BF077233169860026B7AE /* AppDelegate.swift */ = {isa = PBXFileReference; lastKnownFileType = sourcecode.swift; path = AppDelegate.swift; sourceTree = "<group>"; };
		0D2BF079233169860026B7AE /* ViewController.swift */ = {isa = PBXFileReference; lastKnownFileType = sourcecode.swift; path = ViewController.swift; sourceTree = "<group>"; };
		0D2BF07C233169860026B7AE /* Base */ = {isa = PBXFileReference; lastKnownFileType = file.storyboard; name = Base; path = Base.lproj/Main.storyboard; sourceTree = "<group>"; };
		0D2BF07E233169870026B7AE /* Assets.xcassets */ = {isa = PBXFileReference; lastKnownFileType = folder.assetcatalog; path = Assets.xcassets; sourceTree = "<group>"; };
		0D2BF081233169870026B7AE /* Base */ = {isa = PBXFileReference; lastKnownFileType = file.storyboard; name = Base; path = Base.lproj/LaunchScreen.storyboard; sourceTree = "<group>"; };
		0D2BF083233169870026B7AE /* Info.plist */ = {isa = PBXFileReference; lastKnownFileType = text.plist.xml; path = Info.plist; sourceTree = "<group>"; };
		0D2BF088233169880026B7AE /* events-swiftTests.xctest */ = {isa = PBXFileReference; explicitFileType = wrapper.cfbundle; includeInIndex = 0; path = "events-swiftTests.xctest"; sourceTree = BUILT_PRODUCTS_DIR; };
		0D2BF08C233169880026B7AE /* events_swiftTests.swift */ = {isa = PBXFileReference; lastKnownFileType = sourcecode.swift; path = events_swiftTests.swift; sourceTree = "<group>"; };
		0D2BF08E233169880026B7AE /* Info.plist */ = {isa = PBXFileReference; lastKnownFileType = text.plist.xml; path = Info.plist; sourceTree = "<group>"; };
/* End PBXFileReference section */

/* Begin PBXFrameworksBuildPhase section */
		0D2BF071233169860026B7AE /* Frameworks */ = {
			isa = PBXFrameworksBuildPhase;
			buildActionMask = 2147483647;
			files = (
			);
			runOnlyForDeploymentPostprocessing = 0;
		};
		0D2BF085233169880026B7AE /* Frameworks */ = {
			isa = PBXFrameworksBuildPhase;
			buildActionMask = 2147483647;
			files = (
			);
			runOnlyForDeploymentPostprocessing = 0;
		};
/* End PBXFrameworksBuildPhase section */

/* Begin PBXGroup section */
		0D2BF06B233169860026B7AE = {
			isa = PBXGroup;
			children = (
				0D2BF076233169860026B7AE /* events-swift */,
				0D2BF08B233169880026B7AE /* events-swiftTests */,
				0D2BF075233169860026B7AE /* Products */,
			);
			sourceTree = "<group>";
		};
		0D2BF075233169860026B7AE /* Products */ = {
			isa = PBXGroup;
			children = (
				0D2BF074233169860026B7AE /* events-swift.app */,
				0D2BF088233169880026B7AE /* events-swiftTests.xctest */,
			);
			name = Products;
			sourceTree = "<group>";
		};
		0D2BF076233169860026B7AE /* events-swift */ = {
			isa = PBXGroup;
			children = (
				0D2BF077233169860026B7AE /* AppDelegate.swift */,
				0D2BF079233169860026B7AE /* ViewController.swift */,
				0D2BF07B233169860026B7AE /* Main.storyboard */,
				0D2BF07E233169870026B7AE /* Assets.xcassets */,
				0D2BF080233169870026B7AE /* LaunchScreen.storyboard */,
				0D2BF083233169870026B7AE /* Info.plist */,
			);
			path = "events-swift";
			sourceTree = "<group>";
		};
		0D2BF08B233169880026B7AE /* events-swiftTests */ = {
			isa = PBXGroup;
			children = (
				0D2BF08C233169880026B7AE /* events_swiftTests.swift */,
				0D2BF08E233169880026B7AE /* Info.plist */,
			);
			path = "events-swiftTests";
			sourceTree = "<group>";
		};
/* End PBXGroup section */

/* Begin PBXNativeTarget section */
		0D2BF073233169860026B7AE /* events-swift */ = {
			isa = PBXNativeTarget;
			buildConfigurationList = 0D2BF091233169880026B7AE /* Build configuration list for PBXNativeTarget "events-swift" */;
			buildPhases = (
				0D2BF070233169860026B7AE /* Sources */,
				0D2BF071233169860026B7AE /* Frameworks */,
				0D2BF072233169860026B7AE /* Resources */,
			);
			buildRules = (
			);
			dependencies = (
			);
			name = "events-swift";
			productName = "events-swift";
			productReference = 0D2BF074233169860026B7AE /* events-swift.app */;
			productType = "com.apple.product-type.application";
		};
		0D2BF087233169880026B7AE /* events-swiftTests */ = {
			isa = PBXNativeTarget;
			buildConfigurationList = 0D2BF094233169880026B7AE /* Build configuration list for PBXNativeTarget "events-swiftTests" */;
			buildPhases = (
				0D2BF084233169880026B7AE /* Sources */,
				0D2BF085233169880026B7AE /* Frameworks */,
				0D2BF086233169880026B7AE /* Resources */,
			);
			buildRules = (
			);
			dependencies = (
				0D2BF08A233169880026B7AE /* PBXTargetDependency */,
			);
			name = "events-swiftTests";
			productName = "events-swiftTests";
			productReference = 0D2BF088233169880026B7AE /* events-swiftTests.xctest */;
			productType = "com.apple.product-type.bundle.unit-test";
		};
/* End PBXNativeTarget section */

/* Begin PBXProject section */
		0D2BF06C233169860026B7AE /* Project object */ = {
			isa = PBXProject;
			attributes = {
				LastSwiftUpdateCheck = 1030;
				LastUpgradeCheck = 1030;
				ORGANIZATIONNAME = "Davide Bertola";
				TargetAttributes = {
					0D2BF073233169860026B7AE = {
						CreatedOnToolsVersion = 10.3;
					};
					0D2BF087233169880026B7AE = {
						CreatedOnToolsVersion = 10.3;
						TestTargetID = 0D2BF073233169860026B7AE;
					};
				};
			};
			buildConfigurationList = 0D2BF06F233169860026B7AE /* Build configuration list for PBXProject "events-swift" */;
			compatibilityVersion = "Xcode 9.3";
			developmentRegion = en;
			hasScannedForEncodings = 0;
			knownRegions = (
				en,
				Base,
			);
			mainGroup = 0D2BF06B233169860026B7AE;
			productRefGroup = 0D2BF075233169860026B7AE /* Products */;
			projectDirPath = "";
			projectRoot = "";
			targets = (
				0D2BF073233169860026B7AE /* events-swift */,
				0D2BF087233169880026B7AE /* events-swiftTests */,
			);
		};
/* End PBXProject section */

/* Begin PBXResourcesBuildPhase section */
		0D2BF072233169860026B7AE /* Resources */ = {
			isa = PBXResourcesBuildPhase;
			buildActionMask = 2147483647;
			files = (
				0D2BF082233169870026B7AE /* LaunchScreen.storyboard in Resources */,
				0D2BF07F233169870026B7AE /* Assets.xcassets in Resources */,
				0D2BF07D233169860026B7AE /* Main.storyboard in Resources */,
			);
			runOnlyForDeploymentPostprocessing = 0;
		};
		0D2BF086233169880026B7AE /* Resources */ = {
			isa = PBXResourcesBuildPhase;
			buildActionMask = 2147483647;
			files = (
			);
			runOnlyForDeploymentPostprocessing = 0;
		};
/* End PBXResourcesBuildPhase section */

/* Begin PBXSourcesBuildPhase section */
		0D2BF070233169860026B7AE /* Sources */ = {
			isa = PBXSourcesBuildPhase;
			buildActionMask = 2147483647;
			files = (
				0D2BF07A233169860026B7AE /* ViewController.swift in Sources */,
				0D2BF078233169860026B7AE /* AppDelegate.swift in Sources */,
			);
			runOnlyForDeploymentPostprocessing = 0;
		};
		0D2BF084233169880026B7AE /* Sources */ = {
			isa = PBXSourcesBuildPhase;
			buildActionMask = 2147483647;
			files = (
				0D2BF08D233169880026B7AE /* events_swiftTests.swift in Sources */,
			);
			runOnlyForDeploymentPostprocessing = 0;
		};
/* End PBXSourcesBuildPhase section */

/* Begin PBXTargetDependency section */
		0D2BF08A233169880026B7AE /* PBXTargetDependency */ = {
			isa = PBXTargetDependency;
			target = 0D2BF073233169860026B7AE /* events-swift */;
			targetProxy = 0D2BF089233169880026B7AE /* PBXContainerItemProxy */;
		};
/* End PBXTargetDependency section */

/* Begin PBXVariantGroup section */
		0D2BF07B233169860026B7AE /* Main.storyboard */ = {
			isa = PBXVariantGroup;
			children = (
				0D2BF07C233169860026B7AE /* Base */,
			);
			name = Main.storyboard;
			sourceTree = "<group>";
		};
		0D2BF080233169870026B7AE /* LaunchScreen.storyboard */ = {
			isa = PBXVariantGroup;
			children = (
				0D2BF081233169870026B7AE /* Base */,
			);
			name = LaunchScreen.storyboard;
			sourceTree = "<group>";
		};
/* End PBXVariantGroup section */

/* Begin XCBuildConfiguration section */
		0D2BF08F233169880026B7AE /* Debug */ = {
			isa = XCBuildConfiguration;
			buildSettings = {
				ALWAYS_SEARCH_USER_PATHS = NO;
				CLANG_ANALYZER_NONNULL = YES;
				CLANG_ANALYZER_NUMBER_OBJECT_CONVERSION = YES_AGGRESSIVE;
				CLANG_CXX_LANGUAGE_STANDARD = "gnu++14";
				CLANG_CXX_LIBRARY = "libc++";
				CLANG_ENABLE_MODULES = YES;
				CLANG_ENABLE_OBJC_ARC = YES;
				CLANG_ENABLE_OBJC_WEAK = YES;
				CLANG_WARN_BLOCK_CAPTURE_AUTORELEASING = YES;
				CLANG_WARN_BOOL_CONVERSION = YES;
				CLANG_WARN_COMMA = YES;
				CLANG_WARN_CONSTANT_CONVERSION = YES;
				CLANG_WARN_DEPRECATED_OBJC_IMPLEMENTATIONS = YES;
				CLANG_WARN_DIRECT_OBJC_ISA_USAGE = YES_ERROR;
				CLANG_WARN_DOCUMENTATION_COMMENTS = YES;
				CLANG_WARN_EMPTY_BODY = YES;
				CLANG_WARN_ENUM_CONVERSION = YES;
				CLANG_WARN_INFINITE_RECURSION = YES;
				CLANG_WARN_INT_CONVERSION = YES;
				CLANG_WARN_NON_LITERAL_NULL_CONVERSION = YES;
				CLANG_WARN_OBJC_IMPLICIT_RETAIN_SELF = YES;
				CLANG_WARN_OBJC_LITERAL_CONVERSION = YES;
				CLANG_WARN_OBJC_ROOT_CLASS = YES_ERROR;
				CLANG_WARN_RANGE_LOOP_ANALYSIS = YES;
				CLANG_WARN_STRICT_PROTOTYPES = YES;
				CLANG_WARN_SUSPICIOUS_MOVE = YES;
				CLANG_WARN_UNGUARDED_AVAILABILITY = YES_AGGRESSIVE;
				CLANG_WARN_UNREACHABLE_CODE = YES;
				CLANG_WARN__DUPLICATE_METHOD_MATCH = YES;
				CODE_SIGN_IDENTITY = "iPhone Developer";
				COPY_PHASE_STRIP = NO;
				DEBUG_INFORMATION_FORMAT = dwarf;
				ENABLE_STRICT_OBJC_MSGSEND = YES;
				ENABLE_TESTABILITY = YES;
				GCC_C_LANGUAGE_STANDARD = gnu11;
				GCC_DYNAMIC_NO_PIC = NO;
				GCC_NO_COMMON_BLOCKS = YES;
				GCC_OPTIMIZATION_LEVEL = 0;
				GCC_PREPROCESSOR_DEFINITIONS = (
					"DEBUG=1",
					"$(inherited)",
				);
				GCC_WARN_64_TO_32_BIT_CONVERSION = YES;
				GCC_WARN_ABOUT_RETURN_TYPE = YES_ERROR;
				GCC_WARN_UNDECLARED_SELECTOR = YES;
				GCC_WARN_UNINITIALIZED_AUTOS = YES_AGGRESSIVE;
				GCC_WARN_UNUSED_FUNCTION = YES;
				GCC_WARN_UNUSED_VARIABLE = YES;
				IPHONEOS_DEPLOYMENT_TARGET = 12.4;
				MTL_ENABLE_DEBUG_INFO = INCLUDE_SOURCE;
				MTL_FAST_MATH = YES;
				ONLY_ACTIVE_ARCH = YES;
				SDKROOT = iphoneos;
				SWIFT_ACTIVE_COMPILATION_CONDITIONS = DEBUG;
				SWIFT_OPTIMIZATION_LEVEL = "-Onone";
			};
			name = Debug;
		};
		0D2BF090233169880026B7AE /* Release */ = {
			isa = XCBuildConfiguration;
			buildSettings = {
				ALWAYS_SEARCH_USER_PATHS = NO;
				CLANG_ANALYZER_NONNULL = YES;
				CLANG_ANALYZER_NUMBER_OBJECT_CONVERSION = YES_AGGRESSIVE;
				CLANG_CXX_LANGUAGE_STANDARD = "gnu++14";
				CLANG_CXX_LIBRARY = "libc++";
				CLANG_ENABLE_MODULES = YES;
				CLANG_ENABLE_OBJC_ARC = YES;
				CLANG_ENABLE_OBJC_WEAK = YES;
				CLANG_WARN_BLOCK_CAPTURE_AUTORELEASING = YES;
				CLANG_WARN_BOOL_CONVERSION = YES;
				CLANG_WARN_COMMA = YES;
				CLANG_WARN_CONSTANT_CONVERSION = YES;
				CLANG_WARN_DEPRECATED_OBJC_IMPLEMENTATIONS = YES;
				CLANG_WARN_DIRECT_OBJC_ISA_USAGE = YES_ERROR;
				CLANG_WARN_DOCUMENTATION_COMMENTS = YES;
				CLANG_WARN_EMPTY_BODY = YES;
				CLANG_WARN_ENUM_CONVERSION = YES;
				CLANG_WARN_INFINITE_RECURSION = YES;
				CLANG_WARN_INT_CONVERSION = YES;
				CLANG_WARN_NON_LITERAL_NULL_CONVERSION = YES;
				CLANG_WARN_OBJC_IMPLICIT_RETAIN_SELF = YES;
				CLANG_WARN_OBJC_LITERAL_CONVERSION = YES;
				CLANG_WARN_OBJC_ROOT_CLASS = YES_ERROR;
				CLANG_WARN_RANGE_LOOP_ANALYSIS = YES;
				CLANG_WARN_STRICT_PROTOTYPES = YES;
				CLANG_WARN_SUSPICIOUS_MOVE = YES;
				CLANG_WARN_UNGUARDED_AVAILABILITY = YES_AGGRESSIVE;
				CLANG_WARN_UNREACHABLE_CODE = YES;
				CLANG_WARN__DUPLICATE_METHOD_MATCH = YES;
				CODE_SIGN_IDENTITY = "iPhone Developer";
				COPY_PHASE_STRIP = NO;
				DEBUG_INFORMATION_FORMAT = "dwarf-with-dsym";
				ENABLE_NS_ASSERTIONS = NO;
				ENABLE_STRICT_OBJC_MSGSEND = YES;
				GCC_C_LANGUAGE_STANDARD = gnu11;
				GCC_NO_COMMON_BLOCKS = YES;
				GCC_WARN_64_TO_32_BIT_CONVERSION = YES;
				GCC_WARN_ABOUT_RETURN_TYPE = YES_ERROR;
				GCC_WARN_UNDECLARED_SELECTOR = YES;
				GCC_WARN_UNINITIALIZED_AUTOS = YES_AGGRESSIVE;
				GCC_WARN_UNUSED_FUNCTION = YES;
				GCC_WARN_UNUSED_VARIABLE = YES;
				IPHONEOS_DEPLOYMENT_TARGET = 12.4;
				MTL_ENABLE_DEBUG_INFO = NO;
				MTL_FAST_MATH = YES;
				SDKROOT = iphoneos;
				SWIFT_COMPILATION_MODE = wholemodule;
				SWIFT_OPTIMIZATION_LEVEL = "-O";
				VALIDATE_PRODUCT = YES;
			};
			name = Release;
		};
		0D2BF092233169880026B7AE /* Debug */ = {
			isa = XCBuildConfiguration;
			buildSettings = {
				ASSETCATALOG_COMPILER_APPICON_NAME = AppIcon;
				CODE_SIGN_STYLE = Automatic;
				DEVELOPMENT_TEAM = 376QEB74QY;
				INFOPLIST_FILE = "events-swift/Info.plist";
				LD_RUNPATH_SEARCH_PATHS = (
					"$(inherited)",
					"@executable_path/Frameworks",
				);
				PRODUCT_BUNDLE_IDENTIFIER = "it.dadeb.ios.events-swift";
				PRODUCT_NAME = "$(TARGET_NAME)";
				SWIFT_VERSION = 5.0;
				TARGETED_DEVICE_FAMILY = "1,2";
			};
			name = Debug;
		};
		0D2BF093233169880026B7AE /* Release */ = {
			isa = XCBuildConfiguration;
			buildSettings = {
				ASSETCATALOG_COMPILER_APPICON_NAME = AppIcon;
				CODE_SIGN_STYLE = Automatic;
				DEVELOPMENT_TEAM = 376QEB74QY;
				INFOPLIST_FILE = "events-swift/Info.plist";
				LD_RUNPATH_SEARCH_PATHS = (
					"$(inherited)",
					"@executable_path/Frameworks",
				);
				PRODUCT_BUNDLE_IDENTIFIER = "it.dadeb.ios.events-swift";
				PRODUCT_NAME = "$(TARGET_NAME)";
				SWIFT_VERSION = 5.0;
				TARGETED_DEVICE_FAMILY = "1,2";
			};
			name = Release;
		};
		0D2BF095233169880026B7AE /* Debug */ = {
			isa = XCBuildConfiguration;
			buildSettings = {
				ALWAYS_EMBED_SWIFT_STANDARD_LIBRARIES = YES;
				BUNDLE_LOADER = "$(TEST_HOST)";
				CODE_SIGN_STYLE = Automatic;
				DEVELOPMENT_TEAM = 376QEB74QY;
				INFOPLIST_FILE = "events-swiftTests/Info.plist";
				LD_RUNPATH_SEARCH_PATHS = (
					"$(inherited)",
					"@executable_path/Frameworks",
					"@loader_path/Frameworks",
				);
				PRODUCT_BUNDLE_IDENTIFIER = "it.dadeb.ios.events-swiftTests";
				PRODUCT_NAME = "$(TARGET_NAME)";
				SWIFT_VERSION = 5.0;
				TARGETED_DEVICE_FAMILY = "1,2";
				TEST_HOST = "$(BUILT_PRODUCTS_DIR)/events-swift.app/events-swift";
			};
			name = Debug;
		};
		0D2BF096233169880026B7AE /* Release */ = {
			isa = XCBuildConfiguration;
			buildSettings = {
				ALWAYS_EMBED_SWIFT_STANDARD_LIBRARIES = YES;
				BUNDLE_LOADER = "$(TEST_HOST)";
				CODE_SIGN_STYLE = Automatic;
				DEVELOPMENT_TEAM = 376QEB74QY;
				INFOPLIST_FILE = "events-swiftTests/Info.plist";
				LD_RUNPATH_SEARCH_PATHS = (
					"$(inherited)",
					"@executable_path/Frameworks",
					"@loader_path/Frameworks",
				);
				PRODUCT_BUNDLE_IDENTIFIER = "it.dadeb.ios.events-swiftTests";
				PRODUCT_NAME = "$(TARGET_NAME)";
				SWIFT_VERSION = 5.0;
				TARGETED_DEVICE_FAMILY = "1,2";
				TEST_HOST = "$(BUILT_PRODUCTS_DIR)/events-swift.app/events-swift";
			};
			name = Release;
		};
/* End XCBuildConfiguration section */

/* Begin XCConfigurationList section */
		0D2BF06F233169860026B7AE /* Build configuration list for PBXProject "events-swift" */ = {
			isa = XCConfigurationList;
			buildConfigurations = (
				0D2BF08F233169880026B7AE /* Debug */,
				0D2BF090233169880026B7AE /* Release */,
			);
			defaultConfigurationIsVisible = 0;
			defaultConfigurationName = Release;
		};
		0D2BF091233169880026B7AE /* Build configuration list for PBXNativeTarget "events-swift" */ = {
			isa = XCConfigurationList;
			buildConfigurations = (
				0D2BF092233169880026B7AE /* Debug */,
				0D2BF093233169880026B7AE /* Release */,
			);
			defaultConfigurationIsVisible = 0;
			defaultConfigurationName = Release;
		};
		0D2BF094233169880026B7AE /* Build configuration list for PBXNativeTarget "events-swiftTests" */ = {
			isa = XCConfigurationList;
			buildConfigurations = (
				0D2BF095233169880026B7AE /* Debug */,
				0D2BF096233169880026B7AE /* Release */,
			);
			defaultConfigurationIsVisible = 0;
			defaultConfigurationName = Release;
		};
/* End XCConfigurationList section */
	};
	rootObject = 0D2BF06C233169860026B7AE /* Project object */;
}
